
Microsoft Visual Studio Solution File, Format Version 12.00
# Visual Studio Version 16
VisualStudioVersion = 16.0.33927.289
MinimumVisualStudioVersion = 10.0.40219.1
Project("{8BC9CEB8-8B4A-11D0-8D11-00A0C91BC942}") = "test_2023_9_9", "test_2023_9_9\test_2023_9_9.vcxproj", "{A0875C05-4F41-4EFE-BFAD-944C9DF9E862}"
EndProject
Global
	GlobalSection(SolutionConfigurationPlatforms) = preSolution
		Debug|x64 = Debug|x64
		Debug|x86 = Debug|x86
		Release|x64 = Release|x64
		Release|x86 = Release|x86
	EndGlobalSection
	GlobalSection(ProjectConfigurationPlatforms) = postSolution
		{A0875C05-4F41-4EFE-BFAD-944C9DF9E862}.Debug|x64.ActiveCfg = Debug|x64
		{A0875C05-4F41-4EFE-BFAD-944C9DF9E862}.Debug|x64.Build.0 = Debug|x64
		{A0875C05-4F41-4EFE-BFAD-944C9DF9E862}.Debug|x86.ActiveCfg = Debug|Win32
		{A0875C05-4F41-4EFE-BFAD-944C9DF9E862}.Debug|x86.Build.0 = Debug|Win32
		{A0875C05-4F41-4EFE-BFAD-944C9DF9E862}.Release|x64.ActiveCfg = Release|x64
		{A0875C05-4F41-4EFE-BFAD-944C9DF9E862}.Release|x64.Build.0 = Release|x64
		{A0875C05-4F41-4EFE-BFAD-944C9DF9E862}.Release|x86.ActiveCfg = Release|Win32
		{A0875C05-4F41-4EFE-BFAD-944C9DF9E862}.Release|x86.Build.0 = Release|Win32
	EndGlobalSection
	GlobalSection(SolutionProperties) = preSolution
		HideSolutionNode = FALSE
	EndGlobalSection
	GlobalSection(ExtensibilityGlobals) = postSolution
		SolutionGuid = {E7881B6B-08C8-4414-9560-060A3810A8C4}
	EndGlobalSection
EndGlobal
