
Microsoft Visual Studio Solution File, Format Version 12.00
# Visual Studio Version 16
VisualStudioVersion = 16.0.33927.289
MinimumVisualStudioVersion = 10.0.40219.1
Project("{8BC9CEB8-8B4A-11D0-8D11-00A0C91BC942}") = "test_2023_9_23", "test_2023_9_23\test_2023_9_23.vcxproj", "{FA371311-40F1-420B-92B8-A6C907D2FE79}"
EndProject
Global
	GlobalSection(SolutionConfigurationPlatforms) = preSolution
		Debug|x64 = Debug|x64
		Debug|x86 = Debug|x86
		Release|x64 = Release|x64
		Release|x86 = Release|x86
	EndGlobalSection
	GlobalSection(ProjectConfigurationPlatforms) = postSolution
		{FA371311-40F1-420B-92B8-A6C907D2FE79}.Debug|x64.ActiveCfg = Debug|x64
		{FA371311-40F1-420B-92B8-A6C907D2FE79}.Debug|x64.Build.0 = Debug|x64
		{FA371311-40F1-420B-92B8-A6C907D2FE79}.Debug|x86.ActiveCfg = Debug|Win32
		{FA371311-40F1-420B-92B8-A6C907D2FE79}.Debug|x86.Build.0 = Debug|Win32
		{FA371311-40F1-420B-92B8-A6C907D2FE79}.Release|x64.ActiveCfg = Release|x64
		{FA371311-40F1-420B-92B8-A6C907D2FE79}.Release|x64.Build.0 = Release|x64
		{FA371311-40F1-420B-92B8-A6C907D2FE79}.Release|x86.ActiveCfg = Release|Win32
		{FA371311-40F1-420B-92B8-A6C907D2FE79}.Release|x86.Build.0 = Release|Win32
	EndGlobalSection
	GlobalSection(SolutionProperties) = preSolution
		HideSolutionNode = FALSE
	EndGlobalSection
	GlobalSection(ExtensibilityGlobals) = postSolution
		SolutionGuid = {BA59FDA7-23F9-40BC-9A0A-CC4F592DA8F6}
	EndGlobalSection
EndGlobal
